{
    "hash": "c8bf533ab1f5344950a24f3c7ab59844",
    "packages": [
        {
            "name": "hautelook/phpass",
            "version": "dev-master",
            "source": {
                "type": "git",
                "url": "https://github.com/hautelook/phpass",
                "reference": "da4c2c693aa4e1c616a350015c90af0da82a0fd8"
            },
            "dist": {
                "type": "zip",
                "url": "https://github.com/hautelook/phpass/archive/da4c2c693aa4e1c616a350015c90af0da82a0fd8.zip",
                "reference": "da4c2c693aa4e1c616a350015c90af0da82a0fd8",
                "shasum": ""
            },
            "require": {
                "php": ">=5.3.3"
            },
            "time": "1346441559",
            "type": "library",
            "installation-source": "source",
            "autoload": {
                "psr-0": {
                    "Hautelook": "src/"
                }
            },
            "license": [
                "Public Domain"
            ],
            "authors": [
                {
                    "name": "Solar Designer",
                    "email": "solar@openwall.com",
                    "homepage": "http://openwall.com/phpass/"
                }
            ],
            "description": "Portable PHP password hashing framework",
            "homepage": "http://github.com/hautelook/phpass/",
            "keywords": [
                "security",
                "password",
                "crypt",
                "blowfish"
            ]
        },
        {
            "name": "php-activerecord/php-activerecord",
            "version": "dev-master",
            "source": {
                "type": "git",
                "url": "https://github.com/kla/php-activerecord",
                "reference": "6f72eb7958e7dd18a85b374ee28477de748acbd8"
            },
            "dist": {
                "type": "zip",
                "url": "https://github.com/kla/php-activerecord/zipball/6f72eb7958e7dd18a85b374ee28477de748acbd8",
                "reference": "6f72eb7958e7dd18a85b374ee28477de748acbd8",
                "shasum": ""
            },
            "require": {
                "php": ">=5.3.0"
            },
            "time": "2012-07-31 07:51:30",
            "type": "library",
            "installation-source": "source",
            "autoload": {
                "psr-0": {
                    "ActiveRecord": "lib/"
                }
            },
            "license": [
                "MIT"
            ],
            "description": "php-activerecord is an open source ORM library based on the ActiveRecord pattern.",
            "homepage": "http://www.phpactiverecord.org/",
            "keywords": [
                "orm",
                "activerecord"
            ]
        },
        {
            "name": "spekkionu/htmlpurifier",
            "version": "dev-master",
            "source": {
                "type": "git",
                "url": "https://github.com/spekkionu/htmlpurifier",
                "reference": "95e16443811da5dd1b5e4ef800c1d636fadfbeee"
            },
            "dist": {
                "type": "zip",
                "url": "https://github.com/spekkionu/htmlpurifier/archive/95e16443811da5dd1b5e4ef800c1d636fadfbeee.zip",
                "reference": "95e16443811da5dd1b5e4ef800c1d636fadfbeee",
                "shasum": ""
            },
            "require": {
                "php": ">=5.2.4"
            },
            "time": "1343666043",
            "type": "library",
            "installation-source": "source",
            "autoload": {
                "psr-0": {
                    "HTMLPurifier": "",
                    "HTMLPurifier_": "HTMLPurifier/"
                }
            },
            "license": [
                "LGPL-2.0"
            ],
            "description": "HTML Purifier is a standards-compliant HTML filter library written in PHP.",
            "homepage": "http://htmlpurifier.org/"
        },
        {
            "name": "twig/twig",
            "version": "dev-master",
            "source": {
                "type": "git",
                "url": "git://github.com/fabpot/Twig.git",
                "reference": "9b75e2c7ae51b66fd4bb2ffbf1d2f28a8604e8f6"
            },
            "dist": {
                "type": "zip",
                "url": "https://github.com/fabpot/Twig/archive/9b75e2c7ae51b66fd4bb2ffbf1d2f28a8604e8f6.zip",
                "reference": "9b75e2c7ae51b66fd4bb2ffbf1d2f28a8604e8f6",
                "shasum": ""
            },
            "require": {
                "php": ">=5.2.4"
            },
            "time": "1353308798",
            "type": "library",
            "extra": {
                "branch-alias": {
                    "dev-master": "1.12-dev"
                }
            },
            "installation-source": "source",
            "autoload": {
                "psr-0": {
                    "Twig_": "lib/"
                }
            },
            "license": [
                "BSD-3"
            ],
            "authors": [
                {
                    "name": "Fabien Potencier",
                    "email": "fabien@symfony.com"
                },
                {
                    "name": "Armin Ronacher",
                    "email": "armin.ronacher@active-4.com"
                }
            ],
            "description": "Twig, the flexible, fast, and secure template language for PHP",
            "homepage": "http://twig.sensiolabs.org",
            "keywords": [
                "templating"
            ]
        }
    ],
    "packages-dev": null,
    "aliases": [

    ],
    "minimum-stability": "stable",
    "stability-flags": {
        "php-activerecord/php-activerecord": 20,
        "twig/twig": 20,
        "hautelook/phpass": 20,
        "spekkionu/htmlpurifier": 20
    }
}
